# @generated by Move, please check-in and do not edit manually.

[move]
version = 3
manifest_digest = "14A6EAF81E4F18B06197672FC067C6965B0CC1E7BCA7DF905DCB74FE47DEBE57"
deps_digest = "3C4103934B1E040BB6B23F1D610B4EF9F2F1166A50A104EADCF77467C004C600"
dependencies = [
  { id = "Sui", name = "Sui" },
]
dev-dependencies = [
  { id = "MoveStdlib", name = "MoveStdlib", addr_subst = { "std" = "0000000000000000000000000000000000000000000000000000000000000001" } },
]

[[move.package]]
id = "MoveStdlib"
source = { git = "https://github.com/MystenLabs/sui.git", rev = "framework/testnet", subdir = "crates/sui-framework/packages/move-stdlib" }

[[move.package]]
id = "Sui"
source = { git = "https://github.com/MystenLabs/sui.git", rev = "framework/testnet", subdir = "crates/sui-framework/packages/sui-framework" }

dependencies = [
  { id = "MoveStdlib", name = "MoveStdlib" },
]

[move.toolchain-version]
compiler-version = "1.60.0"
edition = "2024.beta"
flavor = "sui"

[env]

[env.hesaptest]
chain-id = "4c78adac"
original-published-id = "0x115bbd92212fbab8f1408a5d12e697a410fae1dafc171a61bfe5ded4554a1f45"
latest-published-id = "0x115bbd92212fbab8f1408a5d12e697a410fae1dafc171a61bfe5ded4554a1f45"
published-version = "1"
